
Microsoft Visual Studio Solution File, Format Version 12.00
# Visual Studio Version 17
VisualStudioVersion = 17.7.34031.279
MinimumVisualStudioVersion = 10.0.40219.1
Project("{FAE04EC0-301F-11D3-BF4B-00C04F79EFBC}") = "задание 2", "задание 2\задание 2.csproj", "{6A9CC6DA-5E0D-4E61-9D18-B28346DA42EA}"
EndProject
Global
	GlobalSection(SolutionConfigurationPlatforms) = preSolution
		Debug|Any CPU = Debug|Any CPU
		Release|Any CPU = Release|Any CPU
	EndGlobalSection
	GlobalSection(ProjectConfigurationPlatforms) = postSolution
		{6A9CC6DA-5E0D-4E61-9D18-B28346DA42EA}.Debug|Any CPU.ActiveCfg = Debug|Any CPU
		{6A9CC6DA-5E0D-4E61-9D18-B28346DA42EA}.Debug|Any CPU.Build.0 = Debug|Any CPU
		{6A9CC6DA-5E0D-4E61-9D18-B28346DA42EA}.Release|Any CPU.ActiveCfg = Release|Any CPU
		{6A9CC6DA-5E0D-4E61-9D18-B28346DA42EA}.Release|Any CPU.Build.0 = Release|Any CPU
	EndGlobalSection
	GlobalSection(SolutionProperties) = preSolution
		HideSolutionNode = FALSE
	EndGlobalSection
	GlobalSection(ExtensibilityGlobals) = postSolution
		SolutionGuid = {E228376D-6A39-415C-ABA7-BC39160CC618}
	EndGlobalSection
EndGlobal
